
Microsoft Visual Studio Solution File, Format Version 12.00
# Visual Studio Version 17
VisualStudioVersion = 17.4.33213.308
MinimumVisualStudioVersion = 10.0.40219.1
Project("{8BC9CEB8-8B4A-11D0-8D11-00A0C91BC942}") = "Vladgine", "Vladgine\Vladgine.vcxproj", "{9EB4E76C-DEC1-4749-8A10-A43FEDFD44C8}"
EndProject
Project("{8BC9CEB8-8B4A-11D0-8D11-00A0C91BC942}") = "DieDieZombie", "DieDieZombie\DieDieZombie.vcxproj", "{7914091C-8C4D-4CA7-896D-3590D551E24D}"
	ProjectSection(ProjectDependencies) = postProject
		{9EB4E76C-DEC1-4749-8A10-A43FEDFD44C8} = {9EB4E76C-DEC1-4749-8A10-A43FEDFD44C8}
	EndProjectSection
EndProject
Project("{8BC9CEB8-8B4A-11D0-8D11-00A0C91BC942}") = "BallMadness", "BallMadness\BallMadness.vcxproj", "{F23F69B4-CA8D-4DCF-ABFB-626EE41B1638}"
	ProjectSection(ProjectDependencies) = postProject
		{9EB4E76C-DEC1-4749-8A10-A43FEDFD44C8} = {9EB4E76C-DEC1-4749-8A10-A43FEDFD44C8}
	EndProjectSection
EndProject
Global
	GlobalSection(SolutionConfigurationPlatforms) = preSolution
		Debug|x64 = Debug|x64
		Debug|x86 = Debug|x86
		Release|x64 = Release|x64
		Release|x86 = Release|x86
	EndGlobalSection
	GlobalSection(ProjectConfigurationPlatforms) = postSolution
		{9EB4E76C-DEC1-4749-8A10-A43FEDFD44C8}.Debug|x64.ActiveCfg = Debug|x64
		{9EB4E76C-DEC1-4749-8A10-A43FEDFD44C8}.Debug|x64.Build.0 = Debug|x64
		{9EB4E76C-DEC1-4749-8A10-A43FEDFD44C8}.Debug|x86.ActiveCfg = Debug|Win32
		{9EB4E76C-DEC1-4749-8A10-A43FEDFD44C8}.Debug|x86.Build.0 = Debug|Win32
		{9EB4E76C-DEC1-4749-8A10-A43FEDFD44C8}.Release|x64.ActiveCfg = Release|x64
		{9EB4E76C-DEC1-4749-8A10-A43FEDFD44C8}.Release|x64.Build.0 = Release|x64
		{9EB4E76C-DEC1-4749-8A10-A43FEDFD44C8}.Release|x86.ActiveCfg = Release|Win32
		{9EB4E76C-DEC1-4749-8A10-A43FEDFD44C8}.Release|x86.Build.0 = Release|Win32
		{7914091C-8C4D-4CA7-896D-3590D551E24D}.Debug|x64.ActiveCfg = Debug|x64
		{7914091C-8C4D-4CA7-896D-3590D551E24D}.Debug|x64.Build.0 = Debug|x64
		{7914091C-8C4D-4CA7-896D-3590D551E24D}.Debug|x86.ActiveCfg = Debug|Win32
		{7914091C-8C4D-4CA7-896D-3590D551E24D}.Debug|x86.Build.0 = Debug|Win32
		{7914091C-8C4D-4CA7-896D-3590D551E24D}.Release|x64.ActiveCfg = Release|x64
		{7914091C-8C4D-4CA7-896D-3590D551E24D}.Release|x64.Build.0 = Release|x64
		{7914091C-8C4D-4CA7-896D-3590D551E24D}.Release|x86.ActiveCfg = Release|Win32
		{7914091C-8C4D-4CA7-896D-3590D551E24D}.Release|x86.Build.0 = Release|Win32
		{F23F69B4-CA8D-4DCF-ABFB-626EE41B1638}.Debug|x64.ActiveCfg = Debug|x64
		{F23F69B4-CA8D-4DCF-ABFB-626EE41B1638}.Debug|x64.Build.0 = Debug|x64
		{F23F69B4-CA8D-4DCF-ABFB-626EE41B1638}.Debug|x86.ActiveCfg = Debug|Win32
		{F23F69B4-CA8D-4DCF-ABFB-626EE41B1638}.Debug|x86.Build.0 = Debug|Win32
		{F23F69B4-CA8D-4DCF-ABFB-626EE41B1638}.Release|x64.ActiveCfg = Release|x64
		{F23F69B4-CA8D-4DCF-ABFB-626EE41B1638}.Release|x64.Build.0 = Release|x64
		{F23F69B4-CA8D-4DCF-ABFB-626EE41B1638}.Release|x86.ActiveCfg = Release|Win32
		{F23F69B4-CA8D-4DCF-ABFB-626EE41B1638}.Release|x86.Build.0 = Release|Win32
	EndGlobalSection
	GlobalSection(SolutionProperties) = preSolution
		HideSolutionNode = FALSE
	EndGlobalSection
	GlobalSection(ExtensibilityGlobals) = postSolution
		SolutionGuid = {778A2103-2525-4530-8F0D-079F5D8C2DE7}
	EndGlobalSection
EndGlobal
